// !$*UTF8*$!
{
	archiveVersion = 1;
	classes = {
	};
	objectVersion = 50;
	objects = {

/* Begin PBXBuildFile section */
		AA4247B525FB10B4005E2468 /* AppDelegate.swift in Sources */ = {isa = PBXBuildFile; fileRef = AA4247B425FB10B4005E2468 /* AppDelegate.swift */; };
		AA4247B725FB10B4005E2468 /* SceneDelegate.swift in Sources */ = {isa = PBXBuildFile; fileRef = AA4247B625FB10B4005E2468 /* SceneDelegate.swift */; };
		AA4247B925FB10B4005E2468 /* ViewController.swift in Sources */ = {isa = PBXBuildFile; fileRef = AA4247B825FB10B4005E2468 /* ViewController.swift */; };
		AA4247BC25FB10B4005E2468 /* Main.storyboard in Resources */ = {isa = PBXBuildFile; fileRef = AA4247BA25FB10B4005E2468 /* Main.storyboard */; };
		AA4247BE25FB10B4005E2468 /* Assets.xcassets in Resources */ = {isa = PBXBuildFile; fileRef = AA4247BD25FB10B4005E2468 /* Assets.xcassets */; };
		AA4247C125FB10B4005E2468 /* LaunchScreen.storyboard in Resources */ = {isa = PBXBuildFile; fileRef = AA4247BF25FB10B4005E2468 /* LaunchScreen.storyboard */; };
/* End PBXBuildFile section */

/* Begin PBXFileReference section */
		AA4247B125FB10B4005E2468 /* ubiquitous system.app */ = {isa = PBXFileReference; explicitFileType = wrapper.application; includeInIndex = 0; path = "ubiquitous system.app"; sourceTree = BUILT_PRODUCTS_DIR; };
		AA4247B425FB10B4005E2468 /* AppDelegate.swift */ = {isa = PBXFileReference; lastKnownFileType = sourcecode.swift; path = AppDelegate.swift; sourceTree = "<group>"; };
		AA4247B625FB10B4005E2468 /* SceneDelegate.swift */ = {isa = PBXFileReference; lastKnownFileType = sourcecode.swift; path = SceneDelegate.swift; sourceTree = "<group>"; };
		AA4247B825FB10B4005E2468 /* ViewController.swift */ = {isa = PBXFileReference; lastKnownFileType = sourcecode.swift; path = ViewController.swift; sourceTree = "<group>"; };
		AA4247BB25FB10B4005E2468 /* Base */ = {isa = PBXFileReference; lastKnownFileType = file.storyboard; name = Base; path = Base.lproj/Main.storyboard; sourceTree = "<group>"; };
		AA4247BD25FB10B4005E2468 /* Assets.xcassets */ = {isa = PBXFileReference; lastKnownFileType = folder.assetcatalog; path = Assets.xcassets; sourceTree = "<group>"; };
		AA4247C025FB10B4005E2468 /* Base */ = {isa = PBXFileReference; lastKnownFileType = file.storyboard; name = Base; path = Base.lproj/LaunchScreen.storyboard; sourceTree = "<group>"; };
		AA4247C225FB10B4005E2468 /* Info.plist */ = {isa = PBXFileReference; lastKnownFileType = text.plist.xml; path = Info.plist; sourceTree = "<group>"; };
/* End PBXFileReference section */

/* Begin PBXFrameworksBuildPhase section */
		AA4247AE25FB10B4005E2468 /* Frameworks */ = {
			isa = PBXFrameworksBuildPhase;
			buildActionMask = 2147483647;
			files = (
			);
			runOnlyForDeploymentPostprocessing = 0;
		};
/* End PBXFrameworksBuildPhase section */

/* Begin PBXGroup section */
		AA4247A825FB10B4005E2468 = {
			isa = PBXGroup;
			children = (
				AA4247B325FB10B4005E2468 /* ubiquitous system */,
				AA4247B225FB10B4005E2468 /* Products */,
			);
			sourceTree = "<group>";
		};
		AA4247B225FB10B4005E2468 /* Products */ = {
			isa = PBXGroup;
			children = (
				AA4247B125FB10B4005E2468 /* ubiquitous system.app */,
			);
			name = Products;
			sourceTree = "<group>";
		};
		AA4247B325FB10B4005E2468 /* ubiquitous system */ = {
			isa = PBXGroup;
			children = (
				AA4247B425FB10B4005E2468 /* AppDelegate.swift */,
				AA4247B625FB10B4005E2468 /* SceneDelegate.swift */,
				AA4247B825FB10B4005E2468 /* ViewController.swift */,
				AA4247BA25FB10B4005E2468 /* Main.storyboard */,
				AA4247BD25FB10B4005E2468 /* Assets.xcassets */,
				AA4247BF25FB10B4005E2468 /* LaunchScreen.storyboard */,
				AA4247C225FB10B4005E2468 /* Info.plist */,
			);
			path = "ubiquitous system";
			sourceTree = "<group>";
		};
/* End PBXGroup section */

/* Begin PBXNativeTarget section */
		AA4247B025FB10B4005E2468 /* ubiquitous system */ = {
			isa = PBXNativeTarget;
			buildConfigurationList = AA4247C525FB10B4005E2468 /* Build configuration list for PBXNativeTarget "ubiquitous system" */;
			buildPhases = (
				AA4247AD25FB10B4005E2468 /* Sources */,
				AA4247AE25FB10B4005E2468 /* Frameworks */,
				AA4247AF25FB10B4005E2468 /* Resources */,
			);
			buildRules = (
			);
			dependencies = (
			);
			name = "ubiquitous system";
			productName = "ubiquitous system";
			productReference = AA4247B125FB10B4005E2468 /* ubiquitous system.app */;
			productType = "com.apple.product-type.application";
		};
/* End PBXNativeTarget section */

/* Begin PBXProject section */
		AA4247A925FB10B4005E2468 /* Project object */ = {
			isa = PBXProject;
			attributes = {
				LastSwiftUpdateCheck = 1240;
				LastUpgradeCheck = 1240;
				TargetAttributes = {
					AA4247B025FB10B4005E2468 = {
						CreatedOnToolsVersion = 12.4;
					};
				};
			};
			buildConfigurationList = AA4247AC25FB10B4005E2468 /* Build configuration list for PBXProject "ubiquitous system" */;
			compatibilityVersion = "Xcode 9.3";
			developmentRegion = en;
			hasScannedForEncodings = 0;
			knownRegions = (
				en,
				Base,
			);
			mainGroup = AA4247A825FB10B4005E2468;
			productRefGroup = AA4247B225FB10B4005E2468 /* Products */;
			projectDirPath = "";
			projectRoot = "";
			targets = (
				AA4247B025FB10B4005E2468 /* ubiquitous system */,
			);
		};
/* End PBXProject section */

/* Begin PBXResourcesBuildPhase section */
		AA4247AF25FB10B4005E2468 /* Resources */ = {
			isa = PBXResourcesBuildPhase;
			buildActionMask = 2147483647;
			files = (
				AA4247C125FB10B4005E2468 /* LaunchScreen.storyboard in Resources */,
				AA4247BE25FB10B4005E2468 /* Assets.xcassets in Resources */,
				AA4247BC25FB10B4005E2468 /* Main.storyboard in Resources */,
			);
			runOnlyForDeploymentPostprocessing = 0;
		};
/* End PBXResourcesBuildPhase section */

/* Begin PBXSourcesBuildPhase section */
		AA4247AD25FB10B4005E2468 /* Sources */ = {
			isa = PBXSourcesBuildPhase;
			buildActionMask = 2147483647;
			files = (
				AA4247B925FB10B4005E2468 /* ViewController.swift in Sources */,
				AA4247B525FB10B4005E2468 /* AppDelegate.swift in Sources */,
				AA4247B725FB10B4005E2468 /* SceneDelegate.swift in Sources */,
			);
			runOnlyForDeploymentPostprocessing = 0;
		};
/* End PBXSourcesBuildPhase section */

/* Begin PBXVariantGroup section */
		AA4247BA25FB10B4005E2468 /* Main.storyboard */ = {
			isa = PBXVariantGroup;
			children = (
				AA4247BB25FB10B4005E2468 /* Base */,
			);
			name = Main.storyboard;
			sourceTree = "<group>";
		};
		AA4247BF25FB10B4005E2468 /* LaunchScreen.storyboard */ = {
			isa = PBXVariantGroup;
			children = (
				AA4247C025FB10B4005E2468 /* Base */,
			);
			name = LaunchScreen.storyboard;
			sourceTree = "<group>";
		};
/* End PBXVariantGroup section */

/* Begin XCBuildConfiguration section */
		AA4247C325FB10B4005E2468 /* Debug */ = {
			isa = XCBuildConfiguration;
			buildSettings = {
				ALWAYS_SEARCH_USER_PATHS = NO;
				CLANG_ANALYZER_NONNULL = YES;
				CLANG_ANALYZER_NUMBER_OBJECT_CONVERSION = YES_AGGRESSIVE;
				CLANG_CXX_LANGUAGE_STANDARD = "gnu++14";
				CLANG_CXX_LIBRARY = "libc++";
				CLANG_ENABLE_MODULES = YES;
				CLANG_ENABLE_OBJC_ARC = YES;
				CLANG_ENABLE_OBJC_WEAK = YES;
				CLANG_WARN_BLOCK_CAPTURE_AUTORELEASING = YES;
				CLANG_WARN_BOOL_CONVERSION = YES;
				CLANG_WARN_COMMA = YES;
				CLANG_WARN_CONSTANT_CONVERSION = YES;
				CLANG_WARN_DEPRECATED_OBJC_IMPLEMENTATIONS = YES;
				CLANG_WARN_DIRECT_OBJC_ISA_USAGE = YES_ERROR;
				CLANG_WARN_DOCUMENTATION_COMMENTS = YES;
				CLANG_WARN_EMPTY_BODY = YES;
				CLANG_WARN_ENUM_CONVERSION = YES;
				CLANG_WARN_INFINITE_RECURSION = YES;
				CLANG_WARN_INT_CONVERSION = YES;
				CLANG_WARN_NON_LITERAL_NULL_CONVERSION = YES;
				CLANG_WARN_OBJC_IMPLICIT_RETAIN_SELF = YES;
				CLANG_WARN_OBJC_LITERAL_CONVERSION = YES;
				CLANG_WARN_OBJC_ROOT_CLASS = YES_ERROR;
				CLANG_WARN_QUOTED_INCLUDE_IN_FRAMEWORK_HEADER = YES;
				CLANG_WARN_RANGE_LOOP_ANALYSIS = YES;
				CLANG_WARN_STRICT_PROTOTYPES = YES;
				CLANG_WARN_SUSPICIOUS_MOVE = YES;
				CLANG_WARN_UNGUARDED_AVAILABILITY = YES_AGGRESSIVE;
				CLANG_WARN_UNREACHABLE_CODE = YES;
				CLANG_WARN__DUPLICATE_METHOD_MATCH = YES;
				COPY_PHASE_STRIP = NO;
				DEBUG_INFORMATION_FORMAT = dwarf;
				ENABLE_STRICT_OBJC_MSGSEND = YES;
				ENABLE_TESTABILITY = YES;
				GCC_C_LANGUAGE_STANDARD = gnu11;
				GCC_DYNAMIC_NO_PIC = NO;
				GCC_NO_COMMON_BLOCKS = YES;
				GCC_OPTIMIZATION_LEVEL = 0;
				GCC_PREPROCESSOR_DEFINITIONS = (
					"DEBUG=1",
					"$(inherited)",
				);
				GCC_WARN_64_TO_32_BIT_CONVERSION = YES;
				GCC_WARN_ABOUT_RETURN_TYPE = YES_ERROR;
				GCC_WARN_UNDECLARED_SELECTOR = YES;
				GCC_WARN_UNINITIALIZED_AUTOS = YES_AGGRESSIVE;
				GCC_WARN_UNUSED_FUNCTION = YES;
				GCC_WARN_UNUSED_VARIABLE = YES;
				IPHONEOS_DEPLOYMENT_TARGET = 14.4;
				MTL_ENABLE_DEBUG_INFO = INCLUDE_SOURCE;
				MTL_FAST_MATH = YES;
				ONLY_ACTIVE_ARCH = YES;
				SDKROOT = iphoneos;
				SWIFT_ACTIVE_COMPILATION_CONDITIONS = DEBUG;
				SWIFT_OPTIMIZATION_LEVEL = "-Onone";
			};
			name = Debug;
		};
		AA4247C425FB10B4005E2468 /* Release */ = {
			isa = XCBuildConfiguration;
			buildSettings = {
				ALWAYS_SEARCH_USER_PATHS = NO;
				CLANG_ANALYZER_NONNULL = YES;
				CLANG_ANALYZER_NUMBER_OBJECT_CONVERSION = YES_AGGRESSIVE;
				CLANG_CXX_LANGUAGE_STANDARD = "gnu++14";
				CLANG_CXX_LIBRARY = "libc++";
				CLANG_ENABLE_MODULES = YES;
				CLANG_ENABLE_OBJC_ARC = YES;
				CLANG_ENABLE_OBJC_WEAK = YES;
				CLANG_WARN_BLOCK_CAPTURE_AUTORELEASING = YES;
				CLANG_WARN_BOOL_CONVERSION = YES;
				CLANG_WARN_COMMA = YES;
				CLANG_WARN_CONSTANT_CONVERSION = YES;
				CLANG_WARN_DEPRECATED_OBJC_IMPLEMENTATIONS = YES;
				CLANG_WARN_DIRECT_OBJC_ISA_USAGE = YES_ERROR;
				CLANG_WARN_DOCUMENTATION_COMMENTS = YES;
				CLANG_WARN_EMPTY_BODY = YES;
				CLANG_WARN_ENUM_CONVERSION = YES;
				CLANG_WARN_INFINITE_RECURSION = YES;
				CLANG_WARN_INT_CONVERSION = YES;
				CLANG_WARN_NON_LITERAL_NULL_CONVERSION = YES;
				CLANG_WARN_OBJC_IMPLICIT_RETAIN_SELF = YES;
				CLANG_WARN_OBJC_LITERAL_CONVERSION = YES;
				CLANG_WARN_OBJC_ROOT_CLASS = YES_ERROR;
				CLANG_WARN_QUOTED_INCLUDE_IN_FRAMEWORK_HEADER = YES;
				CLANG_WARN_RANGE_LOOP_ANALYSIS = YES;
				CLANG_WARN_STRICT_PROTOTYPES = YES;
				CLANG_WARN_SUSPICIOUS_MOVE = YES;
				CLANG_WARN_UNGUARDED_AVAILABILITY = YES_AGGRESSIVE;
				CLANG_WARN_UNREACHABLE_CODE = YES;
				CLANG_WARN__DUPLICATE_METHOD_MATCH = YES;
				COPY_PHASE_STRIP = NO;
				DEBUG_INFORMATION_FORMAT = "dwarf-with-dsym";
				ENABLE_NS_ASSERTIONS = NO;
				ENABLE_STRICT_OBJC_MSGSEND = YES;
				GCC_C_LANGUAGE_STANDARD = gnu11;
				GCC_NO_COMMON_BLOCKS = YES;
				GCC_WARN_64_TO_32_BIT_CONVERSION = YES;
				GCC_WARN_ABOUT_RETURN_TYPE = YES_ERROR;
				GCC_WARN_UNDECLARED_SELECTOR = YES;
				GCC_WARN_UNINITIALIZED_AUTOS = YES_AGGRESSIVE;
				GCC_WARN_UNUSED_FUNCTION = YES;
				GCC_WARN_UNUSED_VARIABLE = YES;
				IPHONEOS_DEPLOYMENT_TARGET = 14.4;
				MTL_ENABLE_DEBUG_INFO = NO;
				MTL_FAST_MATH = YES;
				SDKROOT = iphoneos;
				SWIFT_COMPILATION_MODE = wholemodule;
				SWIFT_OPTIMIZATION_LEVEL = "-O";
				VALIDATE_PRODUCT = YES;
			};
			name = Release;
		};
		AA4247C625FB10B4005E2468 /* Debug */ = {
			isa = XCBuildConfiguration;
			buildSettings = {
				ASSETCATALOG_COMPILER_APPICON_NAME = AppIcon;
				ASSETCATALOG_COMPILER_GLOBAL_ACCENT_COLOR_NAME = AccentColor;
				CODE_SIGN_STYLE = Automatic;
				INFOPLIST_FILE = "ubiquitous system/Info.plist";
				LD_RUNPATH_SEARCH_PATHS = (
					"$(inherited)",
					"@executable_path/Frameworks",
				);
				PRODUCT_BUNDLE_IDENTIFIER = "com.sydemans.ubiquitous-system";
				PRODUCT_NAME = "$(TARGET_NAME)";
				SWIFT_VERSION = 5.0;
				TARGETED_DEVICE_FAMILY = "1,2";
			};
			name = Debug;
		};
		AA4247C725FB10B4005E2468 /* Release */ = {
			isa = XCBuildConfiguration;
			buildSettings = {
				ASSETCATALOG_COMPILER_APPICON_NAME = AppIcon;
				ASSETCATALOG_COMPILER_GLOBAL_ACCENT_COLOR_NAME = AccentColor;
				CODE_SIGN_STYLE = Automatic;
				INFOPLIST_FILE = "ubiquitous system/Info.plist";
				LD_RUNPATH_SEARCH_PATHS = (
					"$(inherited)",
					"@executable_path/Frameworks",
				);
				PRODUCT_BUNDLE_IDENTIFIER = "com.sydemans.ubiquitous-system";
				PRODUCT_NAME = "$(TARGET_NAME)";
				SWIFT_VERSION = 5.0;
				TARGETED_DEVICE_FAMILY = "1,2";
			};
			name = Release;
		};
/* End XCBuildConfiguration section */

/* Begin XCConfigurationList section */
		AA4247AC25FB10B4005E2468 /* Build configuration list for PBXProject "ubiquitous system" */ = {
			isa = XCConfigurationList;
			buildConfigurations = (
				AA4247C325FB10B4005E2468 /* Debug */,
				AA4247C425FB10B4005E2468 /* Release */,
			);
			defaultConfigurationIsVisible = 0;
			defaultConfigurationName = Release;
		};
		AA4247C525FB10B4005E2468 /* Build configuration list for PBXNativeTarget "ubiquitous system" */ = {
			isa = XCConfigurationList;
			buildConfigurations = (
				AA4247C625FB10B4005E2468 /* Debug */,
				AA4247C725FB10B4005E2468 /* Release */,
			);
			defaultConfigurationIsVisible = 0;
			defaultConfigurationName = Release;
		};
/* End XCConfigurationList section */
	};
	rootObject = AA4247A925FB10B4005E2468 /* Project object */;
}
